
Microsoft Visual Studio Solution File, Format Version 12.00
# Visual Studio Version 17
VisualStudioVersion = 17.11.35303.130
MinimumVisualStudioVersion = 10.0.40219.1
Project("{FAE04EC0-301F-11D3-BF4B-00C04F79EFBC}") = "login", "login.csproj", "{C38E63C4-339D-4B2C-88A4-37C05DFBADBA}"
EndProject
Global
	GlobalSection(SolutionConfigurationPlatforms) = preSolution
		Debug|Any CPU = Debug|Any CPU
		Release|Any CPU = Release|Any CPU
	EndGlobalSection
	GlobalSection(ProjectConfigurationPlatforms) = postSolution
		{C38E63C4-339D-4B2C-88A4-37C05DFBADBA}.Debug|Any CPU.ActiveCfg = Debug|Any CPU
		{C38E63C4-339D-4B2C-88A4-37C05DFBADBA}.Debug|Any CPU.Build.0 = Debug|Any CPU
		{C38E63C4-339D-4B2C-88A4-37C05DFBADBA}.Release|Any CPU.ActiveCfg = Release|Any CPU
		{C38E63C4-339D-4B2C-88A4-37C05DFBADBA}.Release|Any CPU.Build.0 = Release|Any CPU
	EndGlobalSection
	GlobalSection(SolutionProperties) = preSolution
		HideSolutionNode = FALSE
	EndGlobalSection
	GlobalSection(ExtensibilityGlobals) = postSolution
		SolutionGuid = {E16B1764-2D32-4ABF-B55D-B411C0D82642}
	EndGlobalSection
EndGlobal
